// !$*UTF8*$!
{
	archiveVersion = 1;
	classes = {
	};
	objectVersion = 46;
	objects = {

/* Begin PBXBuildFile section */
		8A5B84C41D90D259003B07F2 /* AppDelegate.swift in Sources */ = {isa = PBXBuildFile; fileRef = 8A5B84C31D90D259003B07F2 /* AppDelegate.swift */; };
		8A5B84C61D90D259003B07F2 /* ViewController.swift in Sources */ = {isa = PBXBuildFile; fileRef = 8A5B84C51D90D259003B07F2 /* ViewController.swift */; };
		8A5B84C91D90D259003B07F2 /* Main.storyboard in Resources */ = {isa = PBXBuildFile; fileRef = 8A5B84C71D90D259003B07F2 /* Main.storyboard */; };
		8A5B84CB1D90D259003B07F2 /* Assets.xcassets in Resources */ = {isa = PBXBuildFile; fileRef = 8A5B84CA1D90D259003B07F2 /* Assets.xcassets */; };
		8A5B84CE1D90D259003B07F2 /* LaunchScreen.storyboard in Resources */ = {isa = PBXBuildFile; fileRef = 8A5B84CC1D90D259003B07F2 /* LaunchScreen.storyboard */; };
/* End PBXBuildFile section */

/* Begin PBXFileReference section */
		8A5B84C01D90D259003B07F2 /* GitDemoe.app */ = {isa = PBXFileReference; explicitFileType = wrapper.application; includeInIndex = 0; path = GitDemoe.app; sourceTree = BUILT_PRODUCTS_DIR; };
		8A5B84C31D90D259003B07F2 /* AppDelegate.swift */ = {isa = PBXFileReference; lastKnownFileType = sourcecode.swift; path = AppDelegate.swift; sourceTree = "<group>"; };
		8A5B84C51D90D259003B07F2 /* ViewController.swift */ = {isa = PBXFileReference; lastKnownFileType = sourcecode.swift; path = ViewController.swift; sourceTree = "<group>"; };
		8A5B84C81D90D259003B07F2 /* Base */ = {isa = PBXFileReference; lastKnownFileType = file.storyboard; name = Base; path = Base.lproj/Main.storyboard; sourceTree = "<group>"; };
		8A5B84CA1D90D259003B07F2 /* Assets.xcassets */ = {isa = PBXFileReference; lastKnownFileType = folder.assetcatalog; path = Assets.xcassets; sourceTree = "<group>"; };
		8A5B84CD1D90D259003B07F2 /* Base */ = {isa = PBXFileReference; lastKnownFileType = file.storyboard; name = Base; path = Base.lproj/LaunchScreen.storyboard; sourceTree = "<group>"; };
		8A5B84CF1D90D259003B07F2 /* Info.plist */ = {isa = PBXFileReference; lastKnownFileType = text.plist.xml; path = Info.plist; sourceTree = "<group>"; };
/* End PBXFileReference section */

/* Begin PBXFrameworksBuildPhase section */
		8A5B84BD1D90D259003B07F2 /* Frameworks */ = {
			isa = PBXFrameworksBuildPhase;
			buildActionMask = 2147483647;
			files = (
			);
			runOnlyForDeploymentPostprocessing = 0;
		};
/* End PBXFrameworksBuildPhase section */

/* Begin PBXGroup section */
		8A5B84B71D90D259003B07F2 = {
			isa = PBXGroup;
			children = (
				8A5B84C21D90D259003B07F2 /* GitDemoe */,
				8A5B84C11D90D259003B07F2 /* Products */,
			);
			sourceTree = "<group>";
		};
		8A5B84C11D90D259003B07F2 /* Products */ = {
			isa = PBXGroup;
			children = (
				8A5B84C01D90D259003B07F2 /* GitDemoe.app */,
			);
			name = Products;
			sourceTree = "<group>";
		};
		8A5B84C21D90D259003B07F2 /* GitDemoe */ = {
			isa = PBXGroup;
			children = (
				8A5B84C31D90D259003B07F2 /* AppDelegate.swift */,
				8A5B84C51D90D259003B07F2 /* ViewController.swift */,
				8A5B84C71D90D259003B07F2 /* Main.storyboard */,
				8A5B84CA1D90D259003B07F2 /* Assets.xcassets */,
				8A5B84CC1D90D259003B07F2 /* LaunchScreen.storyboard */,
				8A5B84CF1D90D259003B07F2 /* Info.plist */,
			);
			path = GitDemoe;
			sourceTree = "<group>";
		};
/* End PBXGroup section */

/* Begin PBXNativeTarget section */
		8A5B84BF1D90D259003B07F2 /* GitDemoe */ = {
			isa = PBXNativeTarget;
			buildConfigurationList = 8A5B84D21D90D259003B07F2 /* Build configuration list for PBXNativeTarget "GitDemoe" */;
			buildPhases = (
				8A5B84BC1D90D259003B07F2 /* Sources */,
				8A5B84BD1D90D259003B07F2 /* Frameworks */,
				8A5B84BE1D90D259003B07F2 /* Resources */,
			);
			buildRules = (
			);
			dependencies = (
			);
			name = GitDemoe;
			productName = GitDemoe;
			productReference = 8A5B84C01D90D259003B07F2 /* GitDemoe.app */;
			productType = "com.apple.product-type.application";
		};
/* End PBXNativeTarget section */

/* Begin PBXProject section */
		8A5B84B81D90D259003B07F2 /* Project object */ = {
			isa = PBXProject;
			attributes = {
				LastSwiftUpdateCheck = 0730;
				LastUpgradeCheck = 0730;
				ORGANIZATIONNAME = "宋关伟";
				TargetAttributes = {
					8A5B84BF1D90D259003B07F2 = {
						CreatedOnToolsVersion = 7.3.1;
					};
				};
			};
			buildConfigurationList = 8A5B84BB1D90D259003B07F2 /* Build configuration list for PBXProject "GitDemoe" */;
			compatibilityVersion = "Xcode 3.2";
			developmentRegion = English;
			hasScannedForEncodings = 0;
			knownRegions = (
				en,
				Base,
			);
			mainGroup = 8A5B84B71D90D259003B07F2;
			productRefGroup = 8A5B84C11D90D259003B07F2 /* Products */;
			projectDirPath = "";
			projectRoot = "";
			targets = (
				8A5B84BF1D90D259003B07F2 /* GitDemoe */,
			);
		};
/* End PBXProject section */

/* Begin PBXResourcesBuildPhase section */
		8A5B84BE1D90D259003B07F2 /* Resources */ = {
			isa = PBXResourcesBuildPhase;
			buildActionMask = 2147483647;
			files = (
				8A5B84CE1D90D259003B07F2 /* LaunchScreen.storyboard in Resources */,
				8A5B84CB1D90D259003B07F2 /* Assets.xcassets in Resources */,
				8A5B84C91D90D259003B07F2 /* Main.storyboard in Resources */,
			);
			runOnlyForDeploymentPostprocessing = 0;
		};
/* End PBXResourcesBuildPhase section */

/* Begin PBXSourcesBuildPhase section */
		8A5B84BC1D90D259003B07F2 /* Sources */ = {
			isa = PBXSourcesBuildPhase;
			buildActionMask = 2147483647;
			files = (
				8A5B84C61D90D259003B07F2 /* ViewController.swift in Sources */,
				8A5B84C41D90D259003B07F2 /* AppDelegate.swift in Sources */,
			);
			runOnlyForDeploymentPostprocessing = 0;
		};
/* End PBXSourcesBuildPhase section */

/* Begin PBXVariantGroup section */
		8A5B84C71D90D259003B07F2 /* Main.storyboard */ = {
			isa = PBXVariantGroup;
			children = (
				8A5B84C81D90D259003B07F2 /* Base */,
			);
			name = Main.storyboard;
			sourceTree = "<group>";
		};
		8A5B84CC1D90D259003B07F2 /* LaunchScreen.storyboard */ = {
			isa = PBXVariantGroup;
			children = (
				8A5B84CD1D90D259003B07F2 /* Base */,
			);
			name = LaunchScreen.storyboard;
			sourceTree = "<group>";
		};
/* End PBXVariantGroup section */

/* Begin XCBuildConfiguration section */
		8A5B84D01D90D259003B07F2 /* Debug */ = {
			isa = XCBuildConfiguration;
			buildSettings = {
				ALWAYS_SEARCH_USER_PATHS = NO;
				CLANG_ANALYZER_NONNULL = YES;
				CLANG_CXX_LANGUAGE_STANDARD = "gnu++0x";
				CLANG_CXX_LIBRARY = "libc++";
				CLANG_ENABLE_MODULES = YES;
				CLANG_ENABLE_OBJC_ARC = YES;
				CLANG_WARN_BOOL_CONVERSION = YES;
				CLANG_WARN_CONSTANT_CONVERSION = YES;
				CLANG_WARN_DIRECT_OBJC_ISA_USAGE = YES_ERROR;
				CLANG_WARN_EMPTY_BODY = YES;
				CLANG_WARN_ENUM_CONVERSION = YES;
				CLANG_WARN_INT_CONVERSION = YES;
				CLANG_WARN_OBJC_ROOT_CLASS = YES_ERROR;
				CLANG_WARN_UNREACHABLE_CODE = YES;
				CLANG_WARN__DUPLICATE_METHOD_MATCH = YES;
				"CODE_SIGN_IDENTITY[sdk=iphoneos*]" = "iPhone Developer";
				COPY_PHASE_STRIP = NO;
				DEBUG_INFORMATION_FORMAT = dwarf;
				ENABLE_STRICT_OBJC_MSGSEND = YES;
				ENABLE_TESTABILITY = YES;
				GCC_C_LANGUAGE_STANDARD = gnu99;
				GCC_DYNAMIC_NO_PIC = NO;
				GCC_NO_COMMON_BLOCKS = YES;
				GCC_OPTIMIZATION_LEVEL = 0;
				GCC_PREPROCESSOR_DEFINITIONS = (
					"DEBUG=1",
					"$(inherited)",
				);
				GCC_WARN_64_TO_32_BIT_CONVERSION = YES;
				GCC_WARN_ABOUT_RETURN_TYPE = YES_ERROR;
				GCC_WARN_UNDECLARED_SELECTOR = YES;
				GCC_WARN_UNINITIALIZED_AUTOS = YES_AGGRESSIVE;
				GCC_WARN_UNUSED_FUNCTION = YES;
				GCC_WARN_UNUSED_VARIABLE = YES;
				IPHONEOS_DEPLOYMENT_TARGET = 9.3;
				MTL_ENABLE_DEBUG_INFO = YES;
				ONLY_ACTIVE_ARCH = YES;
				SDKROOT = iphoneos;
				SWIFT_OPTIMIZATION_LEVEL = "-Onone";
			};
			name = Debug;
		};
		8A5B84D11D90D259003B07F2 /* Release */ = {
			isa = XCBuildConfiguration;
			buildSettings = {
				ALWAYS_SEARCH_USER_PATHS = NO;
				CLANG_ANALYZER_NONNULL = YES;
				CLANG_CXX_LANGUAGE_STANDARD = "gnu++0x";
				CLANG_CXX_LIBRARY = "libc++";
				CLANG_ENABLE_MODULES = YES;
				CLANG_ENABLE_OBJC_ARC = YES;
				CLANG_WARN_BOOL_CONVERSION = YES;
				CLANG_WARN_CONSTANT_CONVERSION = YES;
				CLANG_WARN_DIRECT_OBJC_ISA_USAGE = YES_ERROR;
				CLANG_WARN_EMPTY_BODY = YES;
				CLANG_WARN_ENUM_CONVERSION = YES;
				CLANG_WARN_INT_CONVERSION = YES;
				CLANG_WARN_OBJC_ROOT_CLASS = YES_ERROR;
				CLANG_WARN_UNREACHABLE_CODE = YES;
				CLANG_WARN__DUPLICATE_METHOD_MATCH = YES;
				"CODE_SIGN_IDENTITY[sdk=iphoneos*]" = "iPhone Developer";
				COPY_PHASE_STRIP = NO;
				DEBUG_INFORMATION_FORMAT = "dwarf-with-dsym";
				ENABLE_NS_ASSERTIONS = NO;
				ENABLE_STRICT_OBJC_MSGSEND = YES;
				GCC_C_LANGUAGE_STANDARD = gnu99;
				GCC_NO_COMMON_BLOCKS = YES;
				GCC_WARN_64_TO_32_BIT_CONVERSION = YES;
				GCC_WARN_ABOUT_RETURN_TYPE = YES_ERROR;
				GCC_WARN_UNDECLARED_SELECTOR = YES;
				GCC_WARN_UNINITIALIZED_AUTOS = YES_AGGRESSIVE;
				GCC_WARN_UNUSED_FUNCTION = YES;
				GCC_WARN_UNUSED_VARIABLE = YES;
				IPHONEOS_DEPLOYMENT_TARGET = 9.3;
				MTL_ENABLE_DEBUG_INFO = NO;
				SDKROOT = iphoneos;
				VALIDATE_PRODUCT = YES;
			};
			name = Release;
		};
		8A5B84D31D90D259003B07F2 /* Debug */ = {
			isa = XCBuildConfiguration;
			buildSettings = {
				ASSETCATALOG_COMPILER_APPICON_NAME = AppIcon;
				INFOPLIST_FILE = GitDemoe/Info.plist;
				LD_RUNPATH_SEARCH_PATHS = "$(inherited) @executable_path/Frameworks";
				PRODUCT_BUNDLE_IDENTIFIER = com.QF.GitDemoe;
				PRODUCT_NAME = "$(TARGET_NAME)";
			};
			name = Debug;
		};
		8A5B84D41D90D259003B07F2 /* Release */ = {
			isa = XCBuildConfiguration;
			buildSettings = {
				ASSETCATALOG_COMPILER_APPICON_NAME = AppIcon;
				INFOPLIST_FILE = GitDemoe/Info.plist;
				LD_RUNPATH_SEARCH_PATHS = "$(inherited) @executable_path/Frameworks";
				PRODUCT_BUNDLE_IDENTIFIER = com.QF.GitDemoe;
				PRODUCT_NAME = "$(TARGET_NAME)";
			};
			name = Release;
		};
/* End XCBuildConfiguration section */

/* Begin XCConfigurationList section */
		8A5B84BB1D90D259003B07F2 /* Build configuration list for PBXProject "GitDemoe" */ = {
			isa = XCConfigurationList;
			buildConfigurations = (
				8A5B84D01D90D259003B07F2 /* Debug */,
				8A5B84D11D90D259003B07F2 /* Release */,
			);
			defaultConfigurationIsVisible = 0;
			defaultConfigurationName = Release;
		};
		8A5B84D21D90D259003B07F2 /* Build configuration list for PBXNativeTarget "GitDemoe" */ = {
			isa = XCConfigurationList;
			buildConfigurations = (
				8A5B84D31D90D259003B07F2 /* Debug */,
				8A5B84D41D90D259003B07F2 /* Release */,
			);
			defaultConfigurationIsVisible = 0;
		};
/* End XCConfigurationList section */
	};
	rootObject = 8A5B84B81D90D259003B07F2 /* Project object */;
}
